github.com/Christian-Bull/slack-notify-go v0.0.0-20201003014930-b7e6e60de658 h1:OS0dQ4u5eR9M3KVYK6K2fnqVnOEKZTsfXCJtAEnLuPk=
github.com/Christian-Bull/slack-notify-go v0.0.0-20201017182652-12d17d595c8a h1:+0ppAp/5oLYxhM5LxnWTRUDk24JyXnAJxpwxFPqwxHw=
github.com/Christian-Bull/slack-notify-go v0.0.0-20201017182652-12d17d595c8a/go.mod h1:8e6uyc+nsoqJQ4P2JZgs91QD4+diZajw4xNjz6RLDng=
